
Microsoft Visual Studio Solution File, Format Version 12.00
# Visual Studio Version 17
VisualStudioVersion = 17.4.33103.184
MinimumVisualStudioVersion = 10.0.40219.1
Project("{9A19103F-16F7-4668-BE54-9A1E7A4F7556}") = "HomeWork16-OTUS", "HomeWork16-OTUS.csproj", "{A41FB321-3926-4E6B-9FA9-B848C4C34C67}"
EndProject
Global
	GlobalSection(SolutionConfigurationPlatforms) = preSolution
		Debug|Any CPU = Debug|Any CPU
		Release|Any CPU = Release|Any CPU
	EndGlobalSection
	GlobalSection(ProjectConfigurationPlatforms) = postSolution
		{A41FB321-3926-4E6B-9FA9-B848C4C34C67}.Debug|Any CPU.ActiveCfg = Debug|Any CPU
		{A41FB321-3926-4E6B-9FA9-B848C4C34C67}.Debug|Any CPU.Build.0 = Debug|Any CPU
		{A41FB321-3926-4E6B-9FA9-B848C4C34C67}.Release|Any CPU.ActiveCfg = Release|Any CPU
		{A41FB321-3926-4E6B-9FA9-B848C4C34C67}.Release|Any CPU.Build.0 = Release|Any CPU
	EndGlobalSection
	GlobalSection(SolutionProperties) = preSolution
		HideSolutionNode = FALSE
	EndGlobalSection
	GlobalSection(ExtensibilityGlobals) = postSolution
		SolutionGuid = {02791927-0DF3-4D25-95A4-261F006B25F6}
	EndGlobalSection
EndGlobal
